
Microsoft Visual Studio Solution File, Format Version 12.00
Project("{FAE04EC0-301F-11D3-BF4B-00C04F79EFBC}") = "PassWallet.Api", "PassWallet.Api\PassWallet.Api.csproj", "{43A82748-5FA5-4CB5-88DA-A44DE079B0C5}"
EndProject
Project("{FAE04EC0-301F-11D3-BF4B-00C04F79EFBC}") = "PassWallet.Core", "PassWallet.Core\PassWallet.Core.csproj", "{C421DA24-CF87-47B5-A85D-ADD247B5E163}"
EndProject
Project("{FAE04EC0-301F-11D3-BF4B-00C04F79EFBC}") = "PassWallet.Infrastructure", "PassWallet.Infrastructure\PassWallet.Infrastructure.csproj", "{9E6F48A4-D589-4F2E-8976-682305A0F2F0}"
EndProject
Global
	GlobalSection(SolutionConfigurationPlatforms) = preSolution
		Debug|Any CPU = Debug|Any CPU
		Release|Any CPU = Release|Any CPU
	EndGlobalSection
	GlobalSection(ProjectConfigurationPlatforms) = postSolution
		{43A82748-5FA5-4CB5-88DA-A44DE079B0C5}.Debug|Any CPU.ActiveCfg = Debug|Any CPU
		{43A82748-5FA5-4CB5-88DA-A44DE079B0C5}.Debug|Any CPU.Build.0 = Debug|Any CPU
		{43A82748-5FA5-4CB5-88DA-A44DE079B0C5}.Release|Any CPU.ActiveCfg = Release|Any CPU
		{43A82748-5FA5-4CB5-88DA-A44DE079B0C5}.Release|Any CPU.Build.0 = Release|Any CPU
		{C421DA24-CF87-47B5-A85D-ADD247B5E163}.Debug|Any CPU.ActiveCfg = Debug|Any CPU
		{C421DA24-CF87-47B5-A85D-ADD247B5E163}.Debug|Any CPU.Build.0 = Debug|Any CPU
		{C421DA24-CF87-47B5-A85D-ADD247B5E163}.Release|Any CPU.ActiveCfg = Release|Any CPU
		{C421DA24-CF87-47B5-A85D-ADD247B5E163}.Release|Any CPU.Build.0 = Release|Any CPU
		{9E6F48A4-D589-4F2E-8976-682305A0F2F0}.Debug|Any CPU.ActiveCfg = Debug|Any CPU
		{9E6F48A4-D589-4F2E-8976-682305A0F2F0}.Debug|Any CPU.Build.0 = Debug|Any CPU
		{9E6F48A4-D589-4F2E-8976-682305A0F2F0}.Release|Any CPU.ActiveCfg = Release|Any CPU
		{9E6F48A4-D589-4F2E-8976-682305A0F2F0}.Release|Any CPU.Build.0 = Release|Any CPU
	EndGlobalSection
EndGlobal
